// !$*UTF8*$!
{
	archiveVersion = 1;
	classes = {
	};
	objectVersion = 55;
	objects = {

/* Begin PBXBuildFile section */
		588A2E1A273F25C00014CA27 /* PaintyApp.swift in Sources */ = {isa = PBXBuildFile; fileRef = 588A2E19273F25C00014CA27 /* PaintyApp.swift */; };
		588A2E1C273F25C00014CA27 /* PaintyView.swift in Sources */ = {isa = PBXBuildFile; fileRef = 588A2E1B273F25C00014CA27 /* PaintyView.swift */; };
		588A2E1E273F25C20014CA27 /* Assets.xcassets in Resources */ = {isa = PBXBuildFile; fileRef = 588A2E1D273F25C20014CA27 /* Assets.xcassets */; };
		588A2E21273F25C20014CA27 /* Preview Assets.xcassets in Resources */ = {isa = PBXBuildFile; fileRef = 588A2E20273F25C20014CA27 /* Preview Assets.xcassets */; };
		5893090A2758336600864F2E /* LidarView.swift in Sources */ = {isa = PBXBuildFile; fileRef = 589309072758336500864F2E /* LidarView.swift */; };
		5893090B2758336600864F2E /* ShaderPaintView.swift in Sources */ = {isa = PBXBuildFile; fileRef = 589309082758336600864F2E /* ShaderPaintView.swift */; };
		5893090C2758336600864F2E /* LegacyView.swift in Sources */ = {isa = PBXBuildFile; fileRef = 589309092758336600864F2E /* LegacyView.swift */; };
		58C48F032768030000DECE51 /* AbnormalitiesView.swift in Sources */ = {isa = PBXBuildFile; fileRef = 58C48F022768030000DECE51 /* AbnormalitiesView.swift */; };
		58C48F052768086200DECE51 /* TechDemoView.swift in Sources */ = {isa = PBXBuildFile; fileRef = 58C48F042768086200DECE51 /* TechDemoView.swift */; };
		58C48F2D27690AB600DECE51 /* Republished.swift in Sources */ = {isa = PBXBuildFile; fileRef = 58C48F2C27690AB600DECE51 /* Republished.swift */; };
		58D0309B27B5DC51000B908C /* RemodelAR.xcframework in Frameworks */ = {isa = PBXBuildFile; fileRef = 58D0309A27B5DC51000B908C /* RemodelAR.xcframework */; };
		58D0309C27B5DC51000B908C /* RemodelAR.xcframework in Embed Frameworks */ = {isa = PBXBuildFile; fileRef = 58D0309A27B5DC51000B908C /* RemodelAR.xcframework */; settings = {ATTRIBUTES = (CodeSignOnCopy, RemoveHeadersOnCopy, ); }; };
		58D0309F27B5DD5F000B908C /* LegacyNewView.swift in Sources */ = {isa = PBXBuildFile; fileRef = 58D0309E27B5DD5F000B908C /* LegacyNewView.swift */; };
/* End PBXBuildFile section */

/* Begin PBXCopyFilesBuildPhase section */
		58D0309D27B5DC51000B908C /* Embed Frameworks */ = {
			isa = PBXCopyFilesBuildPhase;
			buildActionMask = 2147483647;
			dstPath = "";
			dstSubfolderSpec = 10;
			files = (
				58D0309C27B5DC51000B908C /* RemodelAR.xcframework in Embed Frameworks */,
			);
			name = "Embed Frameworks";
			runOnlyForDeploymentPostprocessing = 0;
		};
/* End PBXCopyFilesBuildPhase section */

/* Begin PBXFileReference section */
		588A2E16273F25C00014CA27 /* Painty.app */ = {isa = PBXFileReference; explicitFileType = wrapper.application; includeInIndex = 0; path = Painty.app; sourceTree = BUILT_PRODUCTS_DIR; };
		588A2E19273F25C00014CA27 /* PaintyApp.swift */ = {isa = PBXFileReference; lastKnownFileType = sourcecode.swift; path = PaintyApp.swift; sourceTree = "<group>"; };
		588A2E1B273F25C00014CA27 /* PaintyView.swift */ = {isa = PBXFileReference; lastKnownFileType = sourcecode.swift; path = PaintyView.swift; sourceTree = "<group>"; };
		588A2E1D273F25C20014CA27 /* Assets.xcassets */ = {isa = PBXFileReference; lastKnownFileType = folder.assetcatalog; path = Assets.xcassets; sourceTree = "<group>"; };
		588A2E20273F25C20014CA27 /* Preview Assets.xcassets */ = {isa = PBXFileReference; lastKnownFileType = folder.assetcatalog; path = "Preview Assets.xcassets"; sourceTree = "<group>"; };
		589309072758336500864F2E /* LidarView.swift */ = {isa = PBXFileReference; fileEncoding = 4; lastKnownFileType = sourcecode.swift; path = LidarView.swift; sourceTree = "<group>"; };
		589309082758336600864F2E /* ShaderPaintView.swift */ = {isa = PBXFileReference; fileEncoding = 4; lastKnownFileType = sourcecode.swift; path = ShaderPaintView.swift; sourceTree = "<group>"; };
		589309092758336600864F2E /* LegacyView.swift */ = {isa = PBXFileReference; fileEncoding = 4; lastKnownFileType = sourcecode.swift; path = LegacyView.swift; sourceTree = "<group>"; };
		58C48F022768030000DECE51 /* AbnormalitiesView.swift */ = {isa = PBXFileReference; fileEncoding = 4; lastKnownFileType = sourcecode.swift; path = AbnormalitiesView.swift; sourceTree = "<group>"; };
		58C48F042768086200DECE51 /* TechDemoView.swift */ = {isa = PBXFileReference; lastKnownFileType = sourcecode.swift; path = TechDemoView.swift; sourceTree = "<group>"; };
		58C48F2C27690AB600DECE51 /* Republished.swift */ = {isa = PBXFileReference; lastKnownFileType = sourcecode.swift; path = Republished.swift; sourceTree = "<group>"; };
		58D0309A27B5DC51000B908C /* RemodelAR.xcframework */ = {isa = PBXFileReference; lastKnownFileType = wrapper.xcframework; name = RemodelAR.xcframework; path = ../../../PaintAR/output/RemodelAR.xcframework; sourceTree = "<group>"; };
		58D0309E27B5DD5F000B908C /* LegacyNewView.swift */ = {isa = PBXFileReference; lastKnownFileType = sourcecode.swift; path = LegacyNewView.swift; sourceTree = "<group>"; };
/* End PBXFileReference section */

/* Begin PBXFrameworksBuildPhase section */
		588A2E13273F25C00014CA27 /* Frameworks */ = {
			isa = PBXFrameworksBuildPhase;
			buildActionMask = 2147483647;
			files = (
				58D0309B27B5DC51000B908C /* RemodelAR.xcframework in Frameworks */,
			);
			runOnlyForDeploymentPostprocessing = 0;
		};
/* End PBXFrameworksBuildPhase section */

/* Begin PBXGroup section */
		588A2E0D273F25BF0014CA27 = {
			isa = PBXGroup;
			children = (
				588A2E18273F25C00014CA27 /* Painty */,
				588A2E17273F25C00014CA27 /* Products */,
				588A2E27273F26EA0014CA27 /* Frameworks */,
			);
			sourceTree = "<group>";
		};
		588A2E17273F25C00014CA27 /* Products */ = {
			isa = PBXGroup;
			children = (
				588A2E16273F25C00014CA27 /* Painty.app */,
			);
			name = Products;
			sourceTree = "<group>";
		};
		588A2E18273F25C00014CA27 /* Painty */ = {
			isa = PBXGroup;
			children = (
				58C48F2E27690DCA00DECE51 /* support */,
				588A2E19273F25C00014CA27 /* PaintyApp.swift */,
				588A2E1B273F25C00014CA27 /* PaintyView.swift */,
				58C48F042768086200DECE51 /* TechDemoView.swift */,
				589309092758336600864F2E /* LegacyView.swift */,
				58D0309E27B5DD5F000B908C /* LegacyNewView.swift */,
				589309072758336500864F2E /* LidarView.swift */,
				589309082758336600864F2E /* ShaderPaintView.swift */,
				58C48F022768030000DECE51 /* AbnormalitiesView.swift */,
				588A2E1D273F25C20014CA27 /* Assets.xcassets */,
				588A2E1F273F25C20014CA27 /* Preview Content */,
			);
			path = Painty;
			sourceTree = "<group>";
		};
		588A2E1F273F25C20014CA27 /* Preview Content */ = {
			isa = PBXGroup;
			children = (
				588A2E20273F25C20014CA27 /* Preview Assets.xcassets */,
			);
			path = "Preview Content";
			sourceTree = "<group>";
		};
		588A2E27273F26EA0014CA27 /* Frameworks */ = {
			isa = PBXGroup;
			children = (
				58D0309A27B5DC51000B908C /* RemodelAR.xcframework */,
			);
			name = Frameworks;
			sourceTree = "<group>";
		};
		58C48F2E27690DCA00DECE51 /* support */ = {
			isa = PBXGroup;
			children = (
				58C48F2C27690AB600DECE51 /* Republished.swift */,
			);
			path = support;
			sourceTree = "<group>";
		};
/* End PBXGroup section */

/* Begin PBXNativeTarget section */
		588A2E15273F25C00014CA27 /* Painty */ = {
			isa = PBXNativeTarget;
			buildConfigurationList = 588A2E24273F25C20014CA27 /* Build configuration list for PBXNativeTarget "Painty" */;
			buildPhases = (
				588A2E12273F25C00014CA27 /* Sources */,
				588A2E13273F25C00014CA27 /* Frameworks */,
				588A2E14273F25C00014CA27 /* Resources */,
				58D0309D27B5DC51000B908C /* Embed Frameworks */,
			);
			buildRules = (
			);
			dependencies = (
			);
			name = Painty;
			packageProductDependencies = (
			);
			productName = Painty;
			productReference = 588A2E16273F25C00014CA27 /* Painty.app */;
			productType = "com.apple.product-type.application";
		};
/* End PBXNativeTarget section */

/* Begin PBXProject section */
		588A2E0E273F25BF0014CA27 /* Project object */ = {
			isa = PBXProject;
			attributes = {
				BuildIndependentTargetsInParallel = 1;
				LastSwiftUpdateCheck = 1310;
				LastUpgradeCheck = 1310;
				TargetAttributes = {
					588A2E15273F25C00014CA27 = {
						CreatedOnToolsVersion = 13.1;
					};
				};
			};
			buildConfigurationList = 588A2E11273F25BF0014CA27 /* Build configuration list for PBXProject "Painty" */;
			compatibilityVersion = "Xcode 13.0";
			developmentRegion = en;
			hasScannedForEncodings = 0;
			knownRegions = (
				en,
				Base,
			);
			mainGroup = 588A2E0D273F25BF0014CA27;
			packageReferences = (
			);
			productRefGroup = 588A2E17273F25C00014CA27 /* Products */;
			projectDirPath = "";
			projectRoot = "";
			targets = (
				588A2E15273F25C00014CA27 /* Painty */,
			);
		};
/* End PBXProject section */

/* Begin PBXResourcesBuildPhase section */
		588A2E14273F25C00014CA27 /* Resources */ = {
			isa = PBXResourcesBuildPhase;
			buildActionMask = 2147483647;
			files = (
				588A2E21273F25C20014CA27 /* Preview Assets.xcassets in Resources */,
				588A2E1E273F25C20014CA27 /* Assets.xcassets in Resources */,
			);
			runOnlyForDeploymentPostprocessing = 0;
		};
/* End PBXResourcesBuildPhase section */

/* Begin PBXSourcesBuildPhase section */
		588A2E12273F25C00014CA27 /* Sources */ = {
			isa = PBXSourcesBuildPhase;
			buildActionMask = 2147483647;
			files = (
				588A2E1C273F25C00014CA27 /* PaintyView.swift in Sources */,
				5893090A2758336600864F2E /* LidarView.swift in Sources */,
				5893090B2758336600864F2E /* ShaderPaintView.swift in Sources */,
				58C48F2D27690AB600DECE51 /* Republished.swift in Sources */,
				5893090C2758336600864F2E /* LegacyView.swift in Sources */,
				588A2E1A273F25C00014CA27 /* PaintyApp.swift in Sources */,
				58C48F032768030000DECE51 /* AbnormalitiesView.swift in Sources */,
				58D0309F27B5DD5F000B908C /* LegacyNewView.swift in Sources */,
				58C48F052768086200DECE51 /* TechDemoView.swift in Sources */,
			);
			runOnlyForDeploymentPostprocessing = 0;
		};
/* End PBXSourcesBuildPhase section */

/* Begin XCBuildConfiguration section */
		588A2E22273F25C20014CA27 /* Debug */ = {
			isa = XCBuildConfiguration;
			buildSettings = {
				ALWAYS_SEARCH_USER_PATHS = NO;
				CLANG_ANALYZER_NONNULL = YES;
				CLANG_ANALYZER_NUMBER_OBJECT_CONVERSION = YES_AGGRESSIVE;
				CLANG_CXX_LANGUAGE_STANDARD = "gnu++17";
				CLANG_CXX_LIBRARY = "libc++";
				CLANG_ENABLE_MODULES = YES;
				CLANG_ENABLE_OBJC_ARC = YES;
				CLANG_ENABLE_OBJC_WEAK = YES;
				CLANG_WARN_BLOCK_CAPTURE_AUTORELEASING = YES;
				CLANG_WARN_BOOL_CONVERSION = YES;
				CLANG_WARN_COMMA = YES;
				CLANG_WARN_CONSTANT_CONVERSION = YES;
				CLANG_WARN_DEPRECATED_OBJC_IMPLEMENTATIONS = YES;
				CLANG_WARN_DIRECT_OBJC_ISA_USAGE = YES_ERROR;
				CLANG_WARN_DOCUMENTATION_COMMENTS = YES;
				CLANG_WARN_EMPTY_BODY = YES;
				CLANG_WARN_ENUM_CONVERSION = YES;
				CLANG_WARN_INFINITE_RECURSION = YES;
				CLANG_WARN_INT_CONVERSION = YES;
				CLANG_WARN_NON_LITERAL_NULL_CONVERSION = YES;
				CLANG_WARN_OBJC_IMPLICIT_RETAIN_SELF = YES;
				CLANG_WARN_OBJC_LITERAL_CONVERSION = YES;
				CLANG_WARN_OBJC_ROOT_CLASS = YES_ERROR;
				CLANG_WARN_QUOTED_INCLUDE_IN_FRAMEWORK_HEADER = YES;
				CLANG_WARN_RANGE_LOOP_ANALYSIS = YES;
				CLANG_WARN_STRICT_PROTOTYPES = YES;
				CLANG_WARN_SUSPICIOUS_MOVE = YES;
				CLANG_WARN_UNGUARDED_AVAILABILITY = YES_AGGRESSIVE;
				CLANG_WARN_UNREACHABLE_CODE = YES;
				CLANG_WARN__DUPLICATE_METHOD_MATCH = YES;
				COPY_PHASE_STRIP = NO;
				DEBUG_INFORMATION_FORMAT = dwarf;
				ENABLE_STRICT_OBJC_MSGSEND = YES;
				ENABLE_TESTABILITY = YES;
				GCC_C_LANGUAGE_STANDARD = gnu11;
				GCC_DYNAMIC_NO_PIC = NO;
				GCC_NO_COMMON_BLOCKS = YES;
				GCC_OPTIMIZATION_LEVEL = 0;
				GCC_PREPROCESSOR_DEFINITIONS = (
					"DEBUG=1",
					"$(inherited)",
				);
				GCC_WARN_64_TO_32_BIT_CONVERSION = YES;
				GCC_WARN_ABOUT_RETURN_TYPE = YES_ERROR;
				GCC_WARN_UNDECLARED_SELECTOR = YES;
				GCC_WARN_UNINITIALIZED_AUTOS = YES_AGGRESSIVE;
				GCC_WARN_UNUSED_FUNCTION = YES;
				GCC_WARN_UNUSED_VARIABLE = YES;
				IPHONEOS_DEPLOYMENT_TARGET = 15.0;
				MTL_ENABLE_DEBUG_INFO = INCLUDE_SOURCE;
				MTL_FAST_MATH = YES;
				ONLY_ACTIVE_ARCH = YES;
				SDKROOT = iphoneos;
				SWIFT_ACTIVE_COMPILATION_CONDITIONS = DEBUG;
				SWIFT_OPTIMIZATION_LEVEL = "-Onone";
			};
			name = Debug;
		};
		588A2E23273F25C20014CA27 /* Release */ = {
			isa = XCBuildConfiguration;
			buildSettings = {
				ALWAYS_SEARCH_USER_PATHS = NO;
				CLANG_ANALYZER_NONNULL = YES;
				CLANG_ANALYZER_NUMBER_OBJECT_CONVERSION = YES_AGGRESSIVE;
				CLANG_CXX_LANGUAGE_STANDARD = "gnu++17";
				CLANG_CXX_LIBRARY = "libc++";
				CLANG_ENABLE_MODULES = YES;
				CLANG_ENABLE_OBJC_ARC = YES;
				CLANG_ENABLE_OBJC_WEAK = YES;
				CLANG_WARN_BLOCK_CAPTURE_AUTORELEASING = YES;
				CLANG_WARN_BOOL_CONVERSION = YES;
				CLANG_WARN_COMMA = YES;
				CLANG_WARN_CONSTANT_CONVERSION = YES;
				CLANG_WARN_DEPRECATED_OBJC_IMPLEMENTATIONS = YES;
				CLANG_WARN_DIRECT_OBJC_ISA_USAGE = YES_ERROR;
				CLANG_WARN_DOCUMENTATION_COMMENTS = YES;
				CLANG_WARN_EMPTY_BODY = YES;
				CLANG_WARN_ENUM_CONVERSION = YES;
				CLANG_WARN_INFINITE_RECURSION = YES;
				CLANG_WARN_INT_CONVERSION = YES;
				CLANG_WARN_NON_LITERAL_NULL_CONVERSION = YES;
				CLANG_WARN_OBJC_IMPLICIT_RETAIN_SELF = YES;
				CLANG_WARN_OBJC_LITERAL_CONVERSION = YES;
				CLANG_WARN_OBJC_ROOT_CLASS = YES_ERROR;
				CLANG_WARN_QUOTED_INCLUDE_IN_FRAMEWORK_HEADER = YES;
				CLANG_WARN_RANGE_LOOP_ANALYSIS = YES;
				CLANG_WARN_STRICT_PROTOTYPES = YES;
				CLANG_WARN_SUSPICIOUS_MOVE = YES;
				CLANG_WARN_UNGUARDED_AVAILABILITY = YES_AGGRESSIVE;
				CLANG_WARN_UNREACHABLE_CODE = YES;
				CLANG_WARN__DUPLICATE_METHOD_MATCH = YES;
				COPY_PHASE_STRIP = NO;
				DEBUG_INFORMATION_FORMAT = "dwarf-with-dsym";
				ENABLE_NS_ASSERTIONS = NO;
				ENABLE_STRICT_OBJC_MSGSEND = YES;
				GCC_C_LANGUAGE_STANDARD = gnu11;
				GCC_NO_COMMON_BLOCKS = YES;
				GCC_WARN_64_TO_32_BIT_CONVERSION = YES;
				GCC_WARN_ABOUT_RETURN_TYPE = YES_ERROR;
				GCC_WARN_UNDECLARED_SELECTOR = YES;
				GCC_WARN_UNINITIALIZED_AUTOS = YES_AGGRESSIVE;
				GCC_WARN_UNUSED_FUNCTION = YES;
				GCC_WARN_UNUSED_VARIABLE = YES;
				IPHONEOS_DEPLOYMENT_TARGET = 15.0;
				MTL_ENABLE_DEBUG_INFO = NO;
				MTL_FAST_MATH = YES;
				SDKROOT = iphoneos;
				SWIFT_COMPILATION_MODE = wholemodule;
				SWIFT_OPTIMIZATION_LEVEL = "-O";
				VALIDATE_PRODUCT = YES;
			};
			name = Release;
		};
		588A2E25273F25C20014CA27 /* Debug */ = {
			isa = XCBuildConfiguration;
			buildSettings = {
				ASSETCATALOG_COMPILER_APPICON_NAME = AppIcon;
				ASSETCATALOG_COMPILER_GLOBAL_ACCENT_COLOR_NAME = AccentColor;
				CODE_SIGN_IDENTITY = "Apple Development";
				CODE_SIGN_STYLE = Automatic;
				CURRENT_PROJECT_VERSION = 1;
				DEVELOPMENT_ASSET_PATHS = "\"Painty/Preview Content\"";
				DEVELOPMENT_TEAM = LCT9TTNDNR;
				ENABLE_PREVIEWS = YES;
				GENERATE_INFOPLIST_FILE = YES;
				INFOPLIST_KEY_NSCameraUsageDescription = "We need your camera for awesome AR experiences!";
				INFOPLIST_KEY_NSPhotoLibraryUsageDescription = "We need your photo library to save pictures of your awesome AR creations!";
				INFOPLIST_KEY_UIApplicationSceneManifest_Generation = YES;
				INFOPLIST_KEY_UIApplicationSupportsIndirectInputEvents = YES;
				INFOPLIST_KEY_UILaunchScreen_Generation = YES;
				INFOPLIST_KEY_UISupportedInterfaceOrientations_iPad = "UIInterfaceOrientationPortrait UIInterfaceOrientationPortraitUpsideDown UIInterfaceOrientationLandscapeLeft UIInterfaceOrientationLandscapeRight";
				INFOPLIST_KEY_UISupportedInterfaceOrientations_iPhone = "UIInterfaceOrientationPortrait UIInterfaceOrientationLandscapeLeft UIInterfaceOrientationLandscapeRight";
				LD_RUNPATH_SEARCH_PATHS = (
					"$(inherited)",
					"@executable_path/Frameworks",
				);
				MARKETING_VERSION = 1.0;
				PRODUCT_BUNDLE_IDENTIFIER = com.passio.Painty;
				PRODUCT_NAME = "$(TARGET_NAME)";
				PROVISIONING_PROFILE_SPECIFIER = "";
				SWIFT_EMIT_LOC_STRINGS = YES;
				SWIFT_VERSION = 5.0;
				TARGETED_DEVICE_FAMILY = "1,2";
			};
			name = Debug;
		};
		588A2E26273F25C20014CA27 /* Release */ = {
			isa = XCBuildConfiguration;
			buildSettings = {
				ASSETCATALOG_COMPILER_APPICON_NAME = AppIcon;
				ASSETCATALOG_COMPILER_GLOBAL_ACCENT_COLOR_NAME = AccentColor;
				CODE_SIGN_IDENTITY = "Apple Development";
				CODE_SIGN_STYLE = Automatic;
				CURRENT_PROJECT_VERSION = 1;
				DEVELOPMENT_ASSET_PATHS = "\"Painty/Preview Content\"";
				DEVELOPMENT_TEAM = LCT9TTNDNR;
				ENABLE_PREVIEWS = YES;
				GENERATE_INFOPLIST_FILE = YES;
				INFOPLIST_KEY_NSCameraUsageDescription = "We need your camera for awesome AR experiences!";
				INFOPLIST_KEY_NSPhotoLibraryUsageDescription = "We need your photo library to save pictures of your awesome AR creations!";
				INFOPLIST_KEY_UIApplicationSceneManifest_Generation = YES;
				INFOPLIST_KEY_UIApplicationSupportsIndirectInputEvents = YES;
				INFOPLIST_KEY_UILaunchScreen_Generation = YES;
				INFOPLIST_KEY_UISupportedInterfaceOrientations_iPad = "UIInterfaceOrientationPortrait UIInterfaceOrientationPortraitUpsideDown UIInterfaceOrientationLandscapeLeft UIInterfaceOrientationLandscapeRight";
				INFOPLIST_KEY_UISupportedInterfaceOrientations_iPhone = "UIInterfaceOrientationPortrait UIInterfaceOrientationLandscapeLeft UIInterfaceOrientationLandscapeRight";
				LD_RUNPATH_SEARCH_PATHS = (
					"$(inherited)",
					"@executable_path/Frameworks",
				);
				MARKETING_VERSION = 1.0;
				PRODUCT_BUNDLE_IDENTIFIER = com.passio.Painty;
				PRODUCT_NAME = "$(TARGET_NAME)";
				PROVISIONING_PROFILE_SPECIFIER = "";
				SWIFT_EMIT_LOC_STRINGS = YES;
				SWIFT_VERSION = 5.0;
				TARGETED_DEVICE_FAMILY = "1,2";
			};
			name = Release;
		};
/* End XCBuildConfiguration section */

/* Begin XCConfigurationList section */
		588A2E11273F25BF0014CA27 /* Build configuration list for PBXProject "Painty" */ = {
			isa = XCConfigurationList;
			buildConfigurations = (
				588A2E22273F25C20014CA27 /* Debug */,
				588A2E23273F25C20014CA27 /* Release */,
			);
			defaultConfigurationIsVisible = 0;
			defaultConfigurationName = Release;
		};
		588A2E24273F25C20014CA27 /* Build configuration list for PBXNativeTarget "Painty" */ = {
			isa = XCConfigurationList;
			buildConfigurations = (
				588A2E25273F25C20014CA27 /* Debug */,
				588A2E26273F25C20014CA27 /* Release */,
			);
			defaultConfigurationIsVisible = 0;
			defaultConfigurationName = Release;
		};
/* End XCConfigurationList section */
	};
	rootObject = 588A2E0E273F25BF0014CA27 /* Project object */;
}
